
Microsoft Visual Studio Solution File, Format Version 12.00
# Visual Studio Version 16
VisualStudioVersion = 16.0.30517.126
MinimumVisualStudioVersion = 10.0.40219.1
Project("{FAE04EC0-301F-11D3-BF4B-00C04F79EFBC}") = "ContadorDesktop", "ContadorDesktop\ContadorDesktop.csproj", "{197D343A-8284-496C-B8CA-9DB8F847E2F3}"
EndProject
Global
	GlobalSection(SolutionConfigurationPlatforms) = preSolution
		Debug|Any CPU = Debug|Any CPU
		Release|Any CPU = Release|Any CPU
	EndGlobalSection
	GlobalSection(ProjectConfigurationPlatforms) = postSolution
		{197D343A-8284-496C-B8CA-9DB8F847E2F3}.Debug|Any CPU.ActiveCfg = Debug|Any CPU
		{197D343A-8284-496C-B8CA-9DB8F847E2F3}.Debug|Any CPU.Build.0 = Debug|Any CPU
		{197D343A-8284-496C-B8CA-9DB8F847E2F3}.Release|Any CPU.ActiveCfg = Release|Any CPU
		{197D343A-8284-496C-B8CA-9DB8F847E2F3}.Release|Any CPU.Build.0 = Release|Any CPU
	EndGlobalSection
	GlobalSection(SolutionProperties) = preSolution
		HideSolutionNode = FALSE
	EndGlobalSection
	GlobalSection(ExtensibilityGlobals) = postSolution
		SolutionGuid = {60C1855E-3D20-4285-8B85-DEC028A8B931}
	EndGlobalSection
EndGlobal
